speakeasyVersion: 1.523.0
sources:
    Dub.co API:
        sourceNamespace: dub-co-api
        sourceRevisionDigest: sha256:8f78682b8f196feed7f493a8c50d25ea8616c6de05a87bafa0112a5cb4fbe163
        sourceBlobDigest: sha256:bb2e74bccf4e462131f3a1ad4919e2d0761a9caedc7d308af5ffeaa4a81f1073
        tags:
            - latest
            - 0.0.1
targets:
    pimms:
        source: Dub.co API
        sourceNamespace: dub-co-api
        sourceRevisionDigest: sha256:8f78682b8f196feed7f493a8c50d25ea8616c6de05a87bafa0112a5cb4fbe163
        sourceBlobDigest: sha256:bb2e74bccf4e462131f3a1ad4919e2d0761a9caedc7d308af5ffeaa4a81f1073
        codeSamplesNamespace: dub-co-api-typescript-code-samples
        codeSamplesRevisionDigest: sha256:03b2999c45d2edb61fe11e12f3b71f87b3da51acf7872f9f9d07e50bd6534fce
workflow:
    workflowVersion: 1.0.0
    speakeasyVersion: latest
    sources:
        Dub.co API:
            inputs:
                - location: https://api.pimms.io
            registry:
                location: registry.speakeasyapi.dev/pimms/pimms-ts/dub-co-api
    targets:
        pimms:
            target: typescript
            source: Dub.co API
            publish:
                npm:
                    token: $npm_token
            codeSamples:
                registry:
                    location: registry.speakeasyapi.dev/pimms/pimms-ts/dub-co-api-typescript-code-samples
                labelOverride:
                    fixedValue: Typescript (SDK)
                blocking: false
