speakeasyVersion: 1.523.0
sources:
    Dub.co API:
        sourceNamespace: dub-co-api
        sourceRevisionDigest: sha256:4948618645a9d69466c8db9b9b99864a3ea45d2820dd0fdea6e0c40b5c7f782e
        sourceBlobDigest: sha256:9cb688e7dee9688266a92f478e3146364a99afffe3b6f36c0acd094c8262afc7
        tags:
            - latest
            - 0.0.1
targets:
    pimms:
        source: Dub.co API
        sourceNamespace: dub-co-api
        sourceRevisionDigest: sha256:4948618645a9d69466c8db9b9b99864a3ea45d2820dd0fdea6e0c40b5c7f782e
        sourceBlobDigest: sha256:9cb688e7dee9688266a92f478e3146364a99afffe3b6f36c0acd094c8262afc7
        codeSamplesNamespace: dub-co-api-typescript-code-samples
        codeSamplesRevisionDigest: sha256:625316c9b8ddc6a5a48fc77d394a9182f1dc888b3fbe35b43cb919019e71df38
workflow:
    workflowVersion: 1.0.0
    speakeasyVersion: latest
    sources:
        Dub.co API:
            inputs:
                - location: https://api.pimms.io
            registry:
                location: registry.speakeasyapi.dev/pimms/pimms-ts/dub-co-api
    targets:
        pimms:
            target: typescript
            source: Dub.co API
            publish:
                npm:
                    token: $npm_token
            codeSamples:
                registry:
                    location: registry.speakeasyapi.dev/pimms/pimms-ts/dub-co-api-typescript-code-samples
                labelOverride:
                    fixedValue: Typescript (SDK)
                blocking: false
